
Microsoft Visual Studio Solution File, Format Version 12.00
# Visual Studio Version 16
VisualStudioVersion = 16.0.31729.503
MinimumVisualStudioVersion = 10.0.40219.1
Project("{FAE04EC0-301F-11D3-BF4B-00C04F79EFBC}") = "MovieTicketingSystem", "MovieTicketingSystem\MovieTicketingSystem.csproj", "{9AA56994-F63C-4500-BBDE-3F15016ABD82}"
EndProject
Global
	GlobalSection(SolutionConfigurationPlatforms) = preSolution
		Debug|Any CPU = Debug|Any CPU
		Release|Any CPU = Release|Any CPU
	EndGlobalSection
	GlobalSection(ProjectConfigurationPlatforms) = postSolution
		{9AA56994-F63C-4500-BBDE-3F15016ABD82}.Debug|Any CPU.ActiveCfg = Debug|Any CPU
		{9AA56994-F63C-4500-BBDE-3F15016ABD82}.Debug|Any CPU.Build.0 = Debug|Any CPU
		{9AA56994-F63C-4500-BBDE-3F15016ABD82}.Release|Any CPU.ActiveCfg = Release|Any CPU
		{9AA56994-F63C-4500-BBDE-3F15016ABD82}.Release|Any CPU.Build.0 = Release|Any CPU
	EndGlobalSection
	GlobalSection(SolutionProperties) = preSolution
		HideSolutionNode = FALSE
	EndGlobalSection
	GlobalSection(ExtensibilityGlobals) = postSolution
		SolutionGuid = {F05AB398-BCC7-4E16-9034-4A4DF81F40B2}
	EndGlobalSection
EndGlobal
